
Microsoft Visual Studio Solution File, Format Version 12.00
# Visual Studio Version 17
VisualStudioVersion = 17.4.33213.308
MinimumVisualStudioVersion = 10.0.40219.1
Project("{9A19103F-16F7-4668-BE54-9A1E7A4F7556}") = "SystemManager", "SystemManager\SystemManager.csproj", "{9BAD737E-7FFD-4945-BEBF-9BF9FB3E5196}"
EndProject
Project("{9A19103F-16F7-4668-BE54-9A1E7A4F7556}") = "SystemController", "SystemController\SystemController.csproj", "{1C683FAC-6437-40D0-8D07-22DF6579687F}"
EndProject
Project("{2150E333-8FDC-42A3-9474-1A3956D46DE8}") = "Elementy rozwiązania", "Elementy rozwiązania", "{6914707B-1C79-4EA8-9C7F-8685127CCDF5}"
	ProjectSection(SolutionItems) = preProject
		README.md = README.md
	EndProjectSection
EndProject
Project("{2150E333-8FDC-42A3-9474-1A3956D46DE8}") = "Docs", "Docs", "{84AD8E3A-F96A-461B-89BC-847BDD3D1629}"
	ProjectSection(SolutionItems) = preProject
		Docs\KeyboardReader.md = Docs\KeyboardReader.md
		Docs\MouseKeyboardController.md = Docs\MouseKeyboardController.md
		Docs\MouseReader.md = Docs\MouseReader.md
	EndProjectSection
EndProject
Project("{FAE04EC0-301F-11D3-BF4B-00C04F79EFBC}") = "SystemControllerTests", "SystemControllerTests\SystemControllerTests.csproj", "{58B3C6DB-094B-4E60-B467-9042DA181110}"
EndProject
Global
	GlobalSection(SolutionConfigurationPlatforms) = preSolution
		Debug|Any CPU = Debug|Any CPU
		Release|Any CPU = Release|Any CPU
	EndGlobalSection
	GlobalSection(ProjectConfigurationPlatforms) = postSolution
		{9BAD737E-7FFD-4945-BEBF-9BF9FB3E5196}.Debug|Any CPU.ActiveCfg = Debug|Any CPU
		{9BAD737E-7FFD-4945-BEBF-9BF9FB3E5196}.Debug|Any CPU.Build.0 = Debug|Any CPU
		{9BAD737E-7FFD-4945-BEBF-9BF9FB3E5196}.Release|Any CPU.ActiveCfg = Release|Any CPU
		{9BAD737E-7FFD-4945-BEBF-9BF9FB3E5196}.Release|Any CPU.Build.0 = Release|Any CPU
		{1C683FAC-6437-40D0-8D07-22DF6579687F}.Debug|Any CPU.ActiveCfg = Debug|Any CPU
		{1C683FAC-6437-40D0-8D07-22DF6579687F}.Debug|Any CPU.Build.0 = Debug|Any CPU
		{1C683FAC-6437-40D0-8D07-22DF6579687F}.Release|Any CPU.ActiveCfg = Release|Any CPU
		{1C683FAC-6437-40D0-8D07-22DF6579687F}.Release|Any CPU.Build.0 = Release|Any CPU
		{58B3C6DB-094B-4E60-B467-9042DA181110}.Debug|Any CPU.ActiveCfg = Debug|Any CPU
		{58B3C6DB-094B-4E60-B467-9042DA181110}.Debug|Any CPU.Build.0 = Debug|Any CPU
		{58B3C6DB-094B-4E60-B467-9042DA181110}.Release|Any CPU.ActiveCfg = Release|Any CPU
		{58B3C6DB-094B-4E60-B467-9042DA181110}.Release|Any CPU.Build.0 = Release|Any CPU
	EndGlobalSection
	GlobalSection(SolutionProperties) = preSolution
		HideSolutionNode = FALSE
	EndGlobalSection
	GlobalSection(NestedProjects) = preSolution
		{84AD8E3A-F96A-461B-89BC-847BDD3D1629} = {6914707B-1C79-4EA8-9C7F-8685127CCDF5}
	EndGlobalSection
	GlobalSection(ExtensibilityGlobals) = postSolution
		SolutionGuid = {1E207FD4-9860-46D6-8788-BED1453D8BB0}
	EndGlobalSection
EndGlobal
